
Microsoft Visual Studio Solution File, Format Version 12.00
# Visual Studio Version 16
VisualStudioVersion = 16.0.29509.3
MinimumVisualStudioVersion = 10.0.40219.1
Project("{FAE04EC0-301F-11D3-BF4B-00C04F79EFBC}") = "AirPollutionApp", "AirPollutionApp.csproj", "{3BEB8783-4055-4B83-AC54-6420CB4F7179}"
EndProject
Global
	GlobalSection(SolutionConfigurationPlatforms) = preSolution
		Debug|Any CPU = Debug|Any CPU
		Release|Any CPU = Release|Any CPU
	EndGlobalSection
	GlobalSection(ProjectConfigurationPlatforms) = postSolution
		{3BEB8783-4055-4B83-AC54-6420CB4F7179}.Debug|Any CPU.ActiveCfg = Debug|Any CPU
		{3BEB8783-4055-4B83-AC54-6420CB4F7179}.Debug|Any CPU.Build.0 = Debug|Any CPU
		{3BEB8783-4055-4B83-AC54-6420CB4F7179}.Release|Any CPU.ActiveCfg = Release|Any CPU
		{3BEB8783-4055-4B83-AC54-6420CB4F7179}.Release|Any CPU.Build.0 = Release|Any CPU
	EndGlobalSection
	GlobalSection(SolutionProperties) = preSolution
		HideSolutionNode = FALSE
	EndGlobalSection
	GlobalSection(ExtensibilityGlobals) = postSolution
		SolutionGuid = {8A53E792-850A-460D-88EF-D369F2DEAC65}
	EndGlobalSection
EndGlobal
